
Microsoft Visual Studio Solution File, Format Version 12.00
# Visual Studio Version 17
VisualStudioVersion = 17.5.33530.505
MinimumVisualStudioVersion = 10.0.40219.1
Project("{FAE04EC0-301F-11D3-BF4B-00C04F79EFBC}") = "N64DBMergeTool", "N64DBMergeTool\N64DBMergeTool.csproj", "{985BDFB6-6BB0-4CA8-B927-3B07B55279A1}"
EndProject
Global
	GlobalSection(SolutionConfigurationPlatforms) = preSolution
		Debug|Any CPU = Debug|Any CPU
		Release|Any CPU = Release|Any CPU
	EndGlobalSection
	GlobalSection(ProjectConfigurationPlatforms) = postSolution
		{985BDFB6-6BB0-4CA8-B927-3B07B55279A1}.Debug|Any CPU.ActiveCfg = Debug|Any CPU
		{985BDFB6-6BB0-4CA8-B927-3B07B55279A1}.Debug|Any CPU.Build.0 = Debug|Any CPU
		{985BDFB6-6BB0-4CA8-B927-3B07B55279A1}.Release|Any CPU.ActiveCfg = Release|Any CPU
		{985BDFB6-6BB0-4CA8-B927-3B07B55279A1}.Release|Any CPU.Build.0 = Release|Any CPU
	EndGlobalSection
	GlobalSection(SolutionProperties) = preSolution
		HideSolutionNode = FALSE
	EndGlobalSection
	GlobalSection(ExtensibilityGlobals) = postSolution
		SolutionGuid = {9F58891C-964C-451C-9503-D184F511EC9B}
	EndGlobalSection
EndGlobal
